Microsoft Visual Studio Solution File, Format Version 12.00
# Visual Studio Version 17
VisualStudioVersion = 17.0.31903.59
MinimumVisualStudioVersion = 10.0.40219.1
Project("{FAE04EC0-301F-11D3-BF4B-00C04F79EFBC}") = "BancoPreguntas", "BancoPreguntas.csproj", "{1938F7B5-DF58-4AE0-929B-8C0FA6696496}"
EndProject
Global
    GlobalSection(SolutionConfigurationPlatforms) = preSolution
        Debug|Any CPU = Debug|Any CPU
        Release|Any CPU = Release|Any CPU
    EndGlobalSection
    GlobalSection(ProjectConfigurationPlatforms) = postSolution
        {1938F7B5-DF58-4AE0-929B-8C0FA6696496}.Debug|Any CPU.ActiveCfg = Debug|Any CPU
        {1938F7B5-DF58-4AE0-929B-8C0FA6696496}.Debug|Any CPU.Build.0 = Debug|Any CPU
        {1938F7B5-DF58-4AE0-929B-8C0FA6696496}.Release|Any CPU.ActiveCfg = Release|Any CPU
        {1938F7B5-DF58-4AE0-929B-8C0FA6696496}.Release|Any CPU.Build.0 = Release|Any CPU
    EndGlobalSection
EndGlobal
